
Microsoft Visual Studio Solution File, Format Version 12.00
# Visual Studio Version 16
VisualStudioVersion = 16.0.31402.337
MinimumVisualStudioVersion = 10.0.40219.1
Project("{FAE04EC0-301F-11D3-BF4B-00C04F79EFBC}") = "questao3", "questao3\questao3.csproj", "{539DF305-E788-434A-BFD6-6FB47C06538A}"
EndProject
Global
	GlobalSection(SolutionConfigurationPlatforms) = preSolution
		Debug|Any CPU = Debug|Any CPU
		Release|Any CPU = Release|Any CPU
	EndGlobalSection
	GlobalSection(ProjectConfigurationPlatforms) = postSolution
		{539DF305-E788-434A-BFD6-6FB47C06538A}.Debug|Any CPU.ActiveCfg = Debug|Any CPU
		{539DF305-E788-434A-BFD6-6FB47C06538A}.Debug|Any CPU.Build.0 = Debug|Any CPU
		{539DF305-E788-434A-BFD6-6FB47C06538A}.Release|Any CPU.ActiveCfg = Release|Any CPU
		{539DF305-E788-434A-BFD6-6FB47C06538A}.Release|Any CPU.Build.0 = Release|Any CPU
	EndGlobalSection
	GlobalSection(SolutionProperties) = preSolution
		HideSolutionNode = FALSE
	EndGlobalSection
	GlobalSection(ExtensibilityGlobals) = postSolution
		SolutionGuid = {C1F0D63F-D3CF-4918-A50B-A4DC3A5DEC39}
	EndGlobalSection
EndGlobal
